{
  "name": "test_angular-angular-mocks",
  "version": "0.0.1",
  "lockfileVersion": 1,
  "requires": true,
  "dependencies": {
    "@types/angular": {
      "version": "1.6.28",
      "resolved": "https://registry.npmjs.org/@types/angular/-/angular-1.6.28.tgz",
      "integrity": "sha512-nggmqD2AL83axal/j9zbefA0cN8T7mcYfuLBZ9EQColQr2U6GYY7EfBVwMCV401GQovxG6HDyOIfrYRAooLu2w==",
      "dev": true
    },
    "@types/angular-mocks": {
      "version": "1.5.10",
      "resolved": "https://registry.npmjs.org/@types/angular-mocks/-/angular-mocks-1.5.10.tgz",
      "integrity": "sha512-WIqgN3WbAa4zECHaORmg/lmiybFmuneP1CeZsS1sUpzcRPkC8QSecAOlk012JMTlJDpuGK8B8cYjsZsvlPaX6Q==",
      "dev": true,
      "requires": {
        "@types/angular": "1.6.28"
      }
    },
    "typescript": {
      "version": "2.4.2",
      "resolved": "https://registry.npmjs.org/typescript/-/typescript-2.4.2.tgz",
      "integrity": "sha1-+DlfhdRZJ2BnyYiqQYN6j4KHCEQ=",
      "dev": true
    }
  }
}
